// !$*UTF8*$!
{
	archiveVersion = 1;
	classes = {
	};
	objectVersion = 51;
	objects = {

/* Begin PBXBuildFile section */
		75760AC7FBD98455310639CF /* Pods_FriendTrip.framework in Frameworks */ = {isa = PBXBuildFile; fileRef = 48C6309D647789E66B2DB949 /* Pods_FriendTrip.framework */; };
		96BE4D2A77FADB515FF04BC0 /* Pods_FriendTripTests.framework in Frameworks */ = {isa = PBXBuildFile; fileRef = 610992F836405DED589A91A3 /* Pods_FriendTripTests.framework */; };
		BE1A13E821B602B80005A0FD /* UserEntity+CoreDataProperties copy.swift in Sources */ = {isa = PBXBuildFile; fileRef = BE1A13E621B602B80005A0FD /* UserEntity+CoreDataProperties copy.swift */; };
		BE1A13E921B602B80005A0FD /* UserEntity+CoreDataClass copy.swift in Sources */ = {isa = PBXBuildFile; fileRef = BE1A13E721B602B80005A0FD /* UserEntity+CoreDataClass copy.swift */; };
		BE1A13EC21B603BC0005A0FD /* PersistenceManager.swift in Sources */ = {isa = PBXBuildFile; fileRef = BE1A13EB21B603BC0005A0FD /* PersistenceManager.swift */; };
		BE1A13EF21B614F10005A0FD /* UserDefaultManager.swift in Sources */ = {isa = PBXBuildFile; fileRef = BE1A13EE21B614F10005A0FD /* UserDefaultManager.swift */; };
		BE57509321B8AEEE0070A3A8 /* KeychainService.swift in Sources */ = {isa = PBXBuildFile; fileRef = BE57509221B8AEEE0070A3A8 /* KeychainService.swift */; };
		BE5C847821A79DD6001610DC /* AppDelegate.swift in Sources */ = {isa = PBXBuildFile; fileRef = BE5C847721A79DD6001610DC /* AppDelegate.swift */; };
		BE5C847D21A79DD6001610DC /* Main.storyboard in Resources */ = {isa = PBXBuildFile; fileRef = BE5C847B21A79DD6001610DC /* Main.storyboard */; };
		BE5C848021A79DD6001610DC /* FriendTrip.xcdatamodeld in Sources */ = {isa = PBXBuildFile; fileRef = BE5C847E21A79DD6001610DC /* FriendTrip.xcdatamodeld */; };
		BE5C848221A79DD8001610DC /* Assets.xcassets in Resources */ = {isa = PBXBuildFile; fileRef = BE5C848121A79DD8001610DC /* Assets.xcassets */; };
		BE5C848521A79DD8001610DC /* LaunchScreen.storyboard in Resources */ = {isa = PBXBuildFile; fileRef = BE5C848321A79DD8001610DC /* LaunchScreen.storyboard */; };
		BE5C848F21A79F4C001610DC /* RequestData.swift in Sources */ = {isa = PBXBuildFile; fileRef = BE5C848E21A79F4C001610DC /* RequestData.swift */; };
		BE5C849121A79F5A001610DC /* BaseService.swift in Sources */ = {isa = PBXBuildFile; fileRef = BE5C849021A79F5A001610DC /* BaseService.swift */; };
		BE5C849321A79F6D001610DC /* FriendTripAPI.swift in Sources */ = {isa = PBXBuildFile; fileRef = BE5C849221A79F6D001610DC /* FriendTripAPI.swift */; };
		BE5C849521A79F8C001610DC /* RequestResult.swift in Sources */ = {isa = PBXBuildFile; fileRef = BE5C849421A79F8C001610DC /* RequestResult.swift */; };
		BE5C849821A7A286001610DC /* RegisterUserService.swift in Sources */ = {isa = PBXBuildFile; fileRef = BE5C849721A7A286001610DC /* RegisterUserService.swift */; };
		BE5C849B21AA04D5001610DC /* TripService.swift in Sources */ = {isa = PBXBuildFile; fileRef = BE5C849A21AA04D5001610DC /* TripService.swift */; };
		BE5C849E21AA0593001610DC /* Trip.swift in Sources */ = {isa = PBXBuildFile; fileRef = BE5C849D21AA0593001610DC /* Trip.swift */; };
		BECEF1A321B49F4800319B5F /* FBLoginService.swift in Sources */ = {isa = PBXBuildFile; fileRef = BECEF1A221B49F4800319B5F /* FBLoginService.swift */; };
		BECEF1A621B4A9C700319B5F /* LoginViewController.swift in Sources */ = {isa = PBXBuildFile; fileRef = BECEF1A521B4A9C700319B5F /* LoginViewController.swift */; };
		BECEF1A921B4B16C00319B5F /* LoginViewModel.swift in Sources */ = {isa = PBXBuildFile; fileRef = BECEF1A821B4B16C00319B5F /* LoginViewModel.swift */; };
		BECEF1AB21B4B89A00319B5F /* User.swift in Sources */ = {isa = PBXBuildFile; fileRef = BECEF1AA21B4B89A00319B5F /* User.swift */; };
		ED470BEE22DD65A000FBA331 /* HomeViewController.swift in Sources */ = {isa = PBXBuildFile; fileRef = ED470BED22DD65A000FBA331 /* HomeViewController.swift */; };
		ED470BF022DD6EB900FBA331 /* GoogleService-Info.plist in Resources */ = {isa = PBXBuildFile; fileRef = ED470BEF22DD6EB900FBA331 /* GoogleService-Info.plist */; };
		ED470BF322E0038C00FBA331 /* TripDatabase.swift in Sources */ = {isa = PBXBuildFile; fileRef = ED470BF222E0038C00FBA331 /* TripDatabase.swift */; };
		ED470BF622E0066500FBA331 /* Dictionary+Codable.swift in Sources */ = {isa = PBXBuildFile; fileRef = ED470BF522E0066500FBA331 /* Dictionary+Codable.swift */; };
		ED4C2D8723209834007488F1 /* NewTripViewController.swift in Sources */ = {isa = PBXBuildFile; fileRef = ED4C2D8623209834007488F1 /* NewTripViewController.swift */; };
		ED825D5722F71D8A002419D6 /* FirebaseUserService.swift in Sources */ = {isa = PBXBuildFile; fileRef = ED825D5622F71D8A002419D6 /* FirebaseUserService.swift */; };
		ED825D5F22F72287002419D6 /* FriendTripTests.swift in Sources */ = {isa = PBXBuildFile; fileRef = ED825D5E22F72287002419D6 /* FriendTripTests.swift */; };
		ED825D6822F723BE002419D6 /* UserServiceTest.swift in Sources */ = {isa = PBXBuildFile; fileRef = ED825D6722F723BE002419D6 /* UserServiceTest.swift */; };
		ED9003D023064FF7003D5130 /* FirebaseDatabaseService.swift in Sources */ = {isa = PBXBuildFile; fileRef = ED9003CF23064FF7003D5130 /* FirebaseDatabaseService.swift */; };
		EDA60A3E231E0D6000654160 /* TripViewModel.swift in Sources */ = {isa = PBXBuildFile; fileRef = EDA60A3D231E0D6000654160 /* TripViewModel.swift */; };
		EDCC6D3B23244C960071AEF2 /* CustomTextField.xib in Resources */ = {isa = PBXBuildFile; fileRef = EDCC6D3A23244C960071AEF2 /* CustomTextField.xib */; };
		EDCC6D3D23244EE20071AEF2 /* CustomTextField.swift in Sources */ = {isa = PBXBuildFile; fileRef = EDCC6D3C23244EE20071AEF2 /* CustomTextField.swift */; };
		EDF76D6D2324A08B0074B070 /* Custom.swift in Sources */ = {isa = PBXBuildFile; fileRef = EDF76D6C2324A08B0074B070 /* Custom.swift */; };
/* End PBXBuildFile section */

/* Begin PBXContainerItemProxy section */
		ED825D6122F72287002419D6 /* PBXContainerItemProxy */ = {
			isa = PBXContainerItemProxy;
			containerPortal = BE5C846C21A79DD6001610DC /* Project object */;
			proxyType = 1;
			remoteGlobalIDString = BE5C847321A79DD6001610DC;
			remoteInfo = FriendTrip;
		};
/* End PBXContainerItemProxy section */

/* Begin PBXFileReference section */
		3E1DAE6FC02E68F063198088 /* Pods-FriendTripTests.debug.xcconfig */ = {isa = PBXFileReference; includeInIndex = 1; lastKnownFileType = text.xcconfig; name = "Pods-FriendTripTests.debug.xcconfig"; path = "Pods/Target Support Files/Pods-FriendTripTests/Pods-FriendTripTests.debug.xcconfig"; sourceTree = "<group>"; };
		48C6309D647789E66B2DB949 /* Pods_FriendTrip.framework */ = {isa = PBXFileReference; explicitFileType = wrapper.framework; includeInIndex = 0; path = Pods_FriendTrip.framework; sourceTree = BUILT_PRODUCTS_DIR; };
		610992F836405DED589A91A3 /* Pods_FriendTripTests.framework */ = {isa = PBXFileReference; explicitFileType = wrapper.framework; includeInIndex = 0; path = Pods_FriendTripTests.framework; sourceTree = BUILT_PRODUCTS_DIR; };
		7451FF9063673953363DAD15 /* Pods-FriendTripTests.release.xcconfig */ = {isa = PBXFileReference; includeInIndex = 1; lastKnownFileType = text.xcconfig; name = "Pods-FriendTripTests.release.xcconfig"; path = "Pods/Target Support Files/Pods-FriendTripTests/Pods-FriendTripTests.release.xcconfig"; sourceTree = "<group>"; };
		9D06AB18EFD51049516C139E /* Pods-FriendTrip.debug.xcconfig */ = {isa = PBXFileReference; includeInIndex = 1; lastKnownFileType = text.xcconfig; name = "Pods-FriendTrip.debug.xcconfig"; path = "Pods/Target Support Files/Pods-FriendTrip/Pods-FriendTrip.debug.xcconfig"; sourceTree = "<group>"; };
		BE1A13E621B602B80005A0FD /* UserEntity+CoreDataProperties copy.swift */ = {isa = PBXFileReference; fileEncoding = 4; lastKnownFileType = sourcecode.swift; path = "UserEntity+CoreDataProperties copy.swift"; sourceTree = "<group>"; };
		BE1A13E721B602B80005A0FD /* UserEntity+CoreDataClass copy.swift */ = {isa = PBXFileReference; fileEncoding = 4; lastKnownFileType = sourcecode.swift; path = "UserEntity+CoreDataClass copy.swift"; sourceTree = "<group>"; };
		BE1A13EB21B603BC0005A0FD /* PersistenceManager.swift */ = {isa = PBXFileReference; lastKnownFileType = sourcecode.swift; path = PersistenceManager.swift; sourceTree = "<group>"; };
		BE1A13EE21B614F10005A0FD /* UserDefaultManager.swift */ = {isa = PBXFileReference; lastKnownFileType = sourcecode.swift; path = UserDefaultManager.swift; sourceTree = "<group>"; };
		BE57509221B8AEEE0070A3A8 /* KeychainService.swift */ = {isa = PBXFileReference; lastKnownFileType = sourcecode.swift; path = KeychainService.swift; sourceTree = "<group>"; };
		BE5C847421A79DD6001610DC /* FriendTrip.app */ = {isa = PBXFileReference; explicitFileType = wrapper.application; includeInIndex = 0; path = FriendTrip.app; sourceTree = BUILT_PRODUCTS_DIR; };
		BE5C847721A79DD6001610DC /* AppDelegate.swift */ = {isa = PBXFileReference; lastKnownFileType = sourcecode.swift; path = AppDelegate.swift; sourceTree = "<group>"; };
		BE5C847C21A79DD6001610DC /* Base */ = {isa = PBXFileReference; lastKnownFileType = file.storyboard; name = Base; path = Base.lproj/Main.storyboard; sourceTree = "<group>"; };
		BE5C847F21A79DD6001610DC /* FriendTrip.xcdatamodel */ = {isa = PBXFileReference; lastKnownFileType = wrapper.xcdatamodel; path = FriendTrip.xcdatamodel; sourceTree = "<group>"; };
		BE5C848121A79DD8001610DC /* Assets.xcassets */ = {isa = PBXFileReference; lastKnownFileType = folder.assetcatalog; path = Assets.xcassets; sourceTree = "<group>"; };
		BE5C848421A79DD8001610DC /* Base */ = {isa = PBXFileReference; lastKnownFileType = file.storyboard; name = Base; path = Base.lproj/LaunchScreen.storyboard; sourceTree = "<group>"; };
		BE5C848621A79DD8001610DC /* Info.plist */ = {isa = PBXFileReference; lastKnownFileType = text.plist.xml; path = Info.plist; sourceTree = "<group>"; };
		BE5C848E21A79F4C001610DC /* RequestData.swift */ = {isa = PBXFileReference; lastKnownFileType = sourcecode.swift; path = RequestData.swift; sourceTree = "<group>"; };
		BE5C849021A79F5A001610DC /* BaseService.swift */ = {isa = PBXFileReference; lastKnownFileType = sourcecode.swift; path = BaseService.swift; sourceTree = "<group>"; };
		BE5C849221A79F6D001610DC /* FriendTripAPI.swift */ = {isa = PBXFileReference; lastKnownFileType = sourcecode.swift; path = FriendTripAPI.swift; sourceTree = "<group>"; };
		BE5C849421A79F8C001610DC /* RequestResult.swift */ = {isa = PBXFileReference; lastKnownFileType = sourcecode.swift; path = RequestResult.swift; sourceTree = "<group>"; };
		BE5C849721A7A286001610DC /* RegisterUserService.swift */ = {isa = PBXFileReference; lastKnownFileType = sourcecode.swift; path = RegisterUserService.swift; sourceTree = "<group>"; };
		BE5C849A21AA04D5001610DC /* TripService.swift */ = {isa = PBXFileReference; lastKnownFileType = sourcecode.swift; path = TripService.swift; sourceTree = "<group>"; };
		BE5C849D21AA0593001610DC /* Trip.swift */ = {isa = PBXFileReference; lastKnownFileType = sourcecode.swift; path = Trip.swift; sourceTree = "<group>"; };
		BECEF1A221B49F4800319B5F /* FBLoginService.swift */ = {isa = PBXFileReference; lastKnownFileType = sourcecode.swift; path = FBLoginService.swift; sourceTree = "<group>"; };
		BECEF1A521B4A9C700319B5F /* LoginViewController.swift */ = {isa = PBXFileReference; lastKnownFileType = sourcecode.swift; path = LoginViewController.swift; sourceTree = "<group>"; };
		BECEF1A821B4B16C00319B5F /* LoginViewModel.swift */ = {isa = PBXFileReference; lastKnownFileType = sourcecode.swift; path = LoginViewModel.swift; sourceTree = "<group>"; };
		BECEF1AA21B4B89A00319B5F /* User.swift */ = {isa = PBXFileReference; lastKnownFileType = sourcecode.swift; path = User.swift; sourceTree = "<group>"; };
		C6E3CB57FE8E65FDA3BB29A4 /* Pods-FriendTrip.release.xcconfig */ = {isa = PBXFileReference; includeInIndex = 1; lastKnownFileType = text.xcconfig; name = "Pods-FriendTrip.release.xcconfig"; path = "Pods/Target Support Files/Pods-FriendTrip/Pods-FriendTrip.release.xcconfig"; sourceTree = "<group>"; };
		ED470BED22DD65A000FBA331 /* HomeViewController.swift */ = {isa = PBXFileReference; lastKnownFileType = sourcecode.swift; path = HomeViewController.swift; sourceTree = "<group>"; };
		ED470BEF22DD6EB900FBA331 /* GoogleService-Info.plist */ = {isa = PBXFileReference; fileEncoding = 4; lastKnownFileType = text.plist.xml; path = "GoogleService-Info.plist"; sourceTree = "<group>"; };
		ED470BF222E0038C00FBA331 /* TripDatabase.swift */ = {isa = PBXFileReference; lastKnownFileType = sourcecode.swift; path = TripDatabase.swift; sourceTree = "<group>"; };
		ED470BF522E0066500FBA331 /* Dictionary+Codable.swift */ = {isa = PBXFileReference; lastKnownFileType = sourcecode.swift; path = "Dictionary+Codable.swift"; sourceTree = "<group>"; };
		ED4C2D8623209834007488F1 /* NewTripViewController.swift */ = {isa = PBXFileReference; lastKnownFileType = sourcecode.swift; path = NewTripViewController.swift; sourceTree = "<group>"; };
		ED825D5622F71D8A002419D6 /* FirebaseUserService.swift */ = {isa = PBXFileReference; lastKnownFileType = sourcecode.swift; path = FirebaseUserService.swift; sourceTree = "<group>"; };
		ED825D5C22F72287002419D6 /* FriendTripTests.xctest */ = {isa = PBXFileReference; explicitFileType = wrapper.cfbundle; includeInIndex = 0; path = FriendTripTests.xctest; sourceTree = BUILT_PRODUCTS_DIR; };
		ED825D5E22F72287002419D6 /* FriendTripTests.swift */ = {isa = PBXFileReference; lastKnownFileType = sourcecode.swift; path = FriendTripTests.swift; sourceTree = "<group>"; };
		ED825D6022F72287002419D6 /* Info.plist */ = {isa = PBXFileReference; lastKnownFileType = text.plist.xml; path = Info.plist; sourceTree = "<group>"; };
		ED825D6722F723BE002419D6 /* UserServiceTest.swift */ = {isa = PBXFileReference; lastKnownFileType = sourcecode.swift; path = UserServiceTest.swift; sourceTree = "<group>"; };
		ED9003CF23064FF7003D5130 /* FirebaseDatabaseService.swift */ = {isa = PBXFileReference; lastKnownFileType = sourcecode.swift; path = FirebaseDatabaseService.swift; sourceTree = "<group>"; };
		EDA60A3D231E0D6000654160 /* TripViewModel.swift */ = {isa = PBXFileReference; lastKnownFileType = sourcecode.swift; path = TripViewModel.swift; sourceTree = "<group>"; };
		EDCC6D3A23244C960071AEF2 /* CustomTextField.xib */ = {isa = PBXFileReference; lastKnownFileType = file.xib; path = CustomTextField.xib; sourceTree = "<group>"; };
		EDCC6D3C23244EE20071AEF2 /* CustomTextField.swift */ = {isa = PBXFileReference; lastKnownFileType = sourcecode.swift; path = CustomTextField.swift; sourceTree = "<group>"; };
		EDF76D6C2324A08B0074B070 /* Custom.swift */ = {isa = PBXFileReference; lastKnownFileType = sourcecode.swift; path = Custom.swift; sourceTree = "<group>"; };
/* End PBXFileReference section */

/* Begin PBXFrameworksBuildPhase section */
		BE5C847121A79DD6001610DC /* Frameworks */ = {
			isa = PBXFrameworksBuildPhase;
			buildActionMask = 2147483647;
			files = (
				75760AC7FBD98455310639CF /* Pods_FriendTrip.framework in Frameworks */,
			);
			runOnlyForDeploymentPostprocessing = 0;
		};
		ED825D5922F72287002419D6 /* Frameworks */ = {
			isa = PBXFrameworksBuildPhase;
			buildActionMask = 2147483647;
			files = (
				96BE4D2A77FADB515FF04BC0 /* Pods_FriendTripTests.framework in Frameworks */,
			);
			runOnlyForDeploymentPostprocessing = 0;
		};
/* End PBXFrameworksBuildPhase section */

/* Begin PBXGroup section */
		283460F1AC506E5BAFBE8B38 /* Pods */ = {
			isa = PBXGroup;
			children = (
				9D06AB18EFD51049516C139E /* Pods-FriendTrip.debug.xcconfig */,
				C6E3CB57FE8E65FDA3BB29A4 /* Pods-FriendTrip.release.xcconfig */,
				3E1DAE6FC02E68F063198088 /* Pods-FriendTripTests.debug.xcconfig */,
				7451FF9063673953363DAD15 /* Pods-FriendTripTests.release.xcconfig */,
			);
			name = Pods;
			sourceTree = "<group>";
		};
		BE1A13E521B6027A0005A0FD /* Entities */ = {
			isa = PBXGroup;
			children = (
				BE1A13E721B602B80005A0FD /* UserEntity+CoreDataClass copy.swift */,
				BE1A13E621B602B80005A0FD /* UserEntity+CoreDataProperties copy.swift */,
			);
			path = Entities;
			sourceTree = "<group>";
		};
		BE1A13EA21B6037F0005A0FD /* Database */ = {
			isa = PBXGroup;
			children = (
				BE1A13E521B6027A0005A0FD /* Entities */,
				BE1A13EB21B603BC0005A0FD /* PersistenceManager.swift */,
				BE1A13EE21B614F10005A0FD /* UserDefaultManager.swift */,
			);
			path = Database;
			sourceTree = "<group>";
		};
		BE1A13ED21B610480005A0FD /* Login */ = {
			isa = PBXGroup;
			children = (
				BECEF1A721B4B12900319B5F /* ViewModel */,
				BECEF1A521B4A9C700319B5F /* LoginViewController.swift */,
			);
			path = Login;
			sourceTree = "<group>";
		};
		BE5C846B21A79DD6001610DC = {
			isa = PBXGroup;
			children = (
				BE5C847621A79DD6001610DC /* FriendTrip */,
				ED825D5D22F72287002419D6 /* FriendTripTests */,
				BE5C847521A79DD6001610DC /* Products */,
				283460F1AC506E5BAFBE8B38 /* Pods */,
				E9120468542C3349318301A8 /* Frameworks */,
			);
			sourceTree = "<group>";
		};
		BE5C847521A79DD6001610DC /* Products */ = {
			isa = PBXGroup;
			children = (
				BE5C847421A79DD6001610DC /* FriendTrip.app */,
				ED825D5C22F72287002419D6 /* FriendTripTests.xctest */,
			);
			name = Products;
			sourceTree = "<group>";
		};
		BE5C847621A79DD6001610DC /* FriendTrip */ = {
			isa = PBXGroup;
			children = (
				EDB8847C23136B3300CDD8FB /* Module */,
				BE5C849C21AA056D001610DC /* Models */,
				BE5C848C21A79ED5001610DC /* Service */,
				BE5C847721A79DD6001610DC /* AppDelegate.swift */,
				BE5C847B21A79DD6001610DC /* Main.storyboard */,
				BE5C848121A79DD8001610DC /* Assets.xcassets */,
				BE5C848321A79DD8001610DC /* LaunchScreen.storyboard */,
				BE5C848621A79DD8001610DC /* Info.plist */,
				ED470BEF22DD6EB900FBA331 /* GoogleService-Info.plist */,
				BE5C847E21A79DD6001610DC /* FriendTrip.xcdatamodeld */,
				EDCC6D3A23244C960071AEF2 /* CustomTextField.xib */,
				EDCC6D3C23244EE20071AEF2 /* CustomTextField.swift */,
				EDF76D6C2324A08B0074B070 /* Custom.swift */,
			);
			path = FriendTrip;
			sourceTree = "<group>";
		};
		BE5C848C21A79ED5001610DC /* Service */ = {
			isa = PBXGroup;
			children = (
				ED470BF122E0037600FBA331 /* Firebase */,
				BE1A13EA21B6037F0005A0FD /* Database */,
				BECEF1A121B49F1D00319B5F /* FacebookService */,
				BE5C849921AA04BC001610DC /* TripService */,
				BE5C849621A7A263001610DC /* UserService */,
				BE5C848D21A79F33001610DC /* Utils */,
				BE5C849021A79F5A001610DC /* BaseService.swift */,
				BE5C849221A79F6D001610DC /* FriendTripAPI.swift */,
				BE57509221B8AEEE0070A3A8 /* KeychainService.swift */,
			);
			path = Service;
			sourceTree = "<group>";
		};
		BE5C848D21A79F33001610DC /* Utils */ = {
			isa = PBXGroup;
			children = (
				ED470BF422E0063D00FBA331 /* Extensions */,
				BE5C848E21A79F4C001610DC /* RequestData.swift */,
				BE5C849421A79F8C001610DC /* RequestResult.swift */,
			);
			path = Utils;
			sourceTree = "<group>";
		};
		BE5C849621A7A263001610DC /* UserService */ = {
			isa = PBXGroup;
			children = (
				BE5C849721A7A286001610DC /* RegisterUserService.swift */,
			);
			path = UserService;
			sourceTree = "<group>";
		};
		BE5C849921AA04BC001610DC /* TripService */ = {
			isa = PBXGroup;
			children = (
				BE5C849A21AA04D5001610DC /* TripService.swift */,
			);
			path = TripService;
			sourceTree = "<group>";
		};
		BE5C849C21AA056D001610DC /* Models */ = {
			isa = PBXGroup;
			children = (
				BE5C849D21AA0593001610DC /* Trip.swift */,
				BECEF1AA21B4B89A00319B5F /* User.swift */,
			);
			path = Models;
			sourceTree = "<group>";
		};
		BECEF1A121B49F1D00319B5F /* FacebookService */ = {
			isa = PBXGroup;
			children = (
				BECEF1A221B49F4800319B5F /* FBLoginService.swift */,
			);
			path = FacebookService;
			sourceTree = "<group>";
		};
		BECEF1A721B4B12900319B5F /* ViewModel */ = {
			isa = PBXGroup;
			children = (
				BECEF1A821B4B16C00319B5F /* LoginViewModel.swift */,
			);
			path = ViewModel;
			sourceTree = "<group>";
		};
		E9120468542C3349318301A8 /* Frameworks */ = {
			isa = PBXGroup;
			children = (
				48C6309D647789E66B2DB949 /* Pods_FriendTrip.framework */,
				610992F836405DED589A91A3 /* Pods_FriendTripTests.framework */,
			);
			name = Frameworks;
			sourceTree = "<group>";
		};
		ED470BEC22DD652100FBA331 /* Home */ = {
			isa = PBXGroup;
			children = (
				EDA60A3C231E0D2D00654160 /* ViewModel */,
				EDA60A3B231E0D2100654160 /* View */,
			);
			path = Home;
			sourceTree = "<group>";
		};
		ED470BF122E0037600FBA331 /* Firebase */ = {
			isa = PBXGroup;
			children = (
				ED470BF222E0038C00FBA331 /* TripDatabase.swift */,
				ED825D5622F71D8A002419D6 /* FirebaseUserService.swift */,
				ED9003CF23064FF7003D5130 /* FirebaseDatabaseService.swift */,
			);
			path = Firebase;
			sourceTree = "<group>";
		};
		ED470BF422E0063D00FBA331 /* Extensions */ = {
			isa = PBXGroup;
			children = (
				ED470BF522E0066500FBA331 /* Dictionary+Codable.swift */,
			);
			path = Extensions;
			sourceTree = "<group>";
		};
		ED7A2C6C2323288A003597C9 /* Trip */ = {
			isa = PBXGroup;
			children = (
				ED4C2D8623209834007488F1 /* NewTripViewController.swift */,
			);
			path = Trip;
			sourceTree = "<group>";
		};
		ED825D5D22F72287002419D6 /* FriendTripTests */ = {
			isa = PBXGroup;
			children = (
				ED825D6622F7229A002419D6 /* Service */,
				ED825D5E22F72287002419D6 /* FriendTripTests.swift */,
				ED825D6022F72287002419D6 /* Info.plist */,
			);
			path = FriendTripTests;
			sourceTree = "<group>";
		};
		ED825D6622F7229A002419D6 /* Service */ = {
			isa = PBXGroup;
			children = (
				ED825D6722F723BE002419D6 /* UserServiceTest.swift */,
			);
			path = Service;
			sourceTree = "<group>";
		};
		EDA60A3B231E0D2100654160 /* View */ = {
			isa = PBXGroup;
			children = (
				ED470BED22DD65A000FBA331 /* HomeViewController.swift */,
			);
			path = View;
			sourceTree = "<group>";
		};
		EDA60A3C231E0D2D00654160 /* ViewModel */ = {
			isa = PBXGroup;
			children = (
				EDA60A3D231E0D6000654160 /* TripViewModel.swift */,
			);
			path = ViewModel;
			sourceTree = "<group>";
		};
		EDB8847C23136B3300CDD8FB /* Module */ = {
			isa = PBXGroup;
			children = (
				ED7A2C6C2323288A003597C9 /* Trip */,
				BE1A13ED21B610480005A0FD /* Login */,
				ED470BEC22DD652100FBA331 /* Home */,
			);
			path = Module;
			sourceTree = "<group>";
		};
/* End PBXGroup section */

/* Begin PBXNativeTarget section */
		BE5C847321A79DD6001610DC /* FriendTrip */ = {
			isa = PBXNativeTarget;
			buildConfigurationList = BE5C848921A79DD8001610DC /* Build configuration list for PBXNativeTarget "FriendTrip" */;
			buildPhases = (
				C659BF580E59E89B2A79F094 /* [CP] Check Pods Manifest.lock */,
				BE5C847021A79DD6001610DC /* Sources */,
				BE5C847121A79DD6001610DC /* Frameworks */,
				BE5C847221A79DD6001610DC /* Resources */,
				E0C0BE148D3C045CB86840C6 /* [CP] Embed Pods Frameworks */,
			);
			buildRules = (
			);
			dependencies = (
			);
			name = FriendTrip;
			productName = FriendTrip;
			productReference = BE5C847421A79DD6001610DC /* FriendTrip.app */;
			productType = "com.apple.product-type.application";
		};
		ED825D5B22F72287002419D6 /* FriendTripTests */ = {
			isa = PBXNativeTarget;
			buildConfigurationList = ED825D6322F72287002419D6 /* Build configuration list for PBXNativeTarget "FriendTripTests" */;
			buildPhases = (
				94C9C8F70C92EC1AD28DE6F5 /* [CP] Check Pods Manifest.lock */,
				ED825D5822F72287002419D6 /* Sources */,
				ED825D5922F72287002419D6 /* Frameworks */,
				ED825D5A22F72287002419D6 /* Resources */,
				C4557125693FB0880802948C /* [CP] Embed Pods Frameworks */,
			);
			buildRules = (
			);
			dependencies = (
				ED825D6222F72287002419D6 /* PBXTargetDependency */,
			);
			name = FriendTripTests;
			productName = FriendTripTests;
			productReference = ED825D5C22F72287002419D6 /* FriendTripTests.xctest */;
			productType = "com.apple.product-type.bundle.unit-test";
		};
/* End PBXNativeTarget section */

/* Begin PBXProject section */
		BE5C846C21A79DD6001610DC /* Project object */ = {
			isa = PBXProject;
			attributes = {
				LastSwiftUpdateCheck = 1100;
				LastUpgradeCheck = 1010;
				ORGANIZATIONNAME = LFSantos;
				TargetAttributes = {
					BE5C847321A79DD6001610DC = {
						CreatedOnToolsVersion = 10.1;
					};
					ED825D5B22F72287002419D6 = {
						CreatedOnToolsVersion = 11.0;
						TestTargetID = BE5C847321A79DD6001610DC;
					};
				};
			};
			buildConfigurationList = BE5C846F21A79DD6001610DC /* Build configuration list for PBXProject "FriendTrip" */;
			compatibilityVersion = "Xcode 9.3";
			developmentRegion = en;
			hasScannedForEncodings = 0;
			knownRegions = (
				en,
				Base,
			);
			mainGroup = BE5C846B21A79DD6001610DC;
			productRefGroup = BE5C847521A79DD6001610DC /* Products */;
			projectDirPath = "";
			projectRoot = "";
			targets = (
				BE5C847321A79DD6001610DC /* FriendTrip */,
				ED825D5B22F72287002419D6 /* FriendTripTests */,
			);
		};
/* End PBXProject section */

/* Begin PBXResourcesBuildPhase section */
		BE5C847221A79DD6001610DC /* Resources */ = {
			isa = PBXResourcesBuildPhase;
			buildActionMask = 2147483647;
			files = (
				EDCC6D3B23244C960071AEF2 /* CustomTextField.xib in Resources */,
				BE5C848521A79DD8001610DC /* LaunchScreen.storyboard in Resources */,
				ED470BF022DD6EB900FBA331 /* GoogleService-Info.plist in Resources */,
				BE5C848221A79DD8001610DC /* Assets.xcassets in Resources */,
				BE5C847D21A79DD6001610DC /* Main.storyboard in Resources */,
			);
			runOnlyForDeploymentPostprocessing = 0;
		};
		ED825D5A22F72287002419D6 /* Resources */ = {
			isa = PBXResourcesBuildPhase;
			buildActionMask = 2147483647;
			files = (
			);
			runOnlyForDeploymentPostprocessing = 0;
		};
/* End PBXResourcesBuildPhase section */

/* Begin PBXShellScriptBuildPhase section */
		94C9C8F70C92EC1AD28DE6F5 /* [CP] Check Pods Manifest.lock */ = {
			isa = PBXShellScriptBuildPhase;
			buildActionMask = 2147483647;
			files = (
			);
			inputFileListPaths = (
			);
			inputPaths = (
				"${PODS_PODFILE_DIR_PATH}/Podfile.lock",
				"${PODS_ROOT}/Manifest.lock",
			);
			name = "[CP] Check Pods Manifest.lock";
			outputFileListPaths = (
			);
			outputPaths = (
				"$(DERIVED_FILE_DIR)/Pods-FriendTripTests-checkManifestLockResult.txt",
			);
			runOnlyForDeploymentPostprocessing = 0;
			shellPath = /bin/sh;
			shellScript = "diff \"${PODS_PODFILE_DIR_PATH}/Podfile.lock\" \"${PODS_ROOT}/Manifest.lock\" > /dev/null\nif [ $? != 0 ] ; then\n    # print error to STDERR\n    echo \"error: The sandbox is not in sync with the Podfile.lock. Run 'pod install' or update your CocoaPods installation.\" >&2\n    exit 1\nfi\n# This output is used by Xcode 'outputs' to avoid re-running this script phase.\necho \"SUCCESS\" > \"${SCRIPT_OUTPUT_FILE_0}\"\n";
			showEnvVarsInLog = 0;
		};
		C4557125693FB0880802948C /* [CP] Embed Pods Frameworks */ = {
			isa = PBXShellScriptBuildPhase;
			buildActionMask = 2147483647;
			files = (
			);
			inputFileListPaths = (
				"${PODS_ROOT}/Target Support Files/Pods-FriendTripTests/Pods-FriendTripTests-frameworks-${CONFIGURATION}-input-files.xcfilelist",
			);
			name = "[CP] Embed Pods Frameworks";
			outputFileListPaths = (
				"${PODS_ROOT}/Target Support Files/Pods-FriendTripTests/Pods-FriendTripTests-frameworks-${CONFIGURATION}-output-files.xcfilelist",
			);
			runOnlyForDeploymentPostprocessing = 0;
			shellPath = /bin/sh;
			shellScript = "\"${PODS_ROOT}/Target Support Files/Pods-FriendTripTests/Pods-FriendTripTests-frameworks.sh\"\n";
			showEnvVarsInLog = 0;
		};
		C659BF580E59E89B2A79F094 /* [CP] Check Pods Manifest.lock */ = {
			isa = PBXShellScriptBuildPhase;
			buildActionMask = 2147483647;
			files = (
			);
			inputPaths = (
				"${PODS_PODFILE_DIR_PATH}/Podfile.lock",
				"${PODS_ROOT}/Manifest.lock",
			);
			name = "[CP] Check Pods Manifest.lock";
			outputPaths = (
				"$(DERIVED_FILE_DIR)/Pods-FriendTrip-checkManifestLockResult.txt",
			);
			runOnlyForDeploymentPostprocessing = 0;
			shellPath = /bin/sh;
			shellScript = "diff \"${PODS_PODFILE_DIR_PATH}/Podfile.lock\" \"${PODS_ROOT}/Manifest.lock\" > /dev/null\nif [ $? != 0 ] ; then\n    # print error to STDERR\n    echo \"error: The sandbox is not in sync with the Podfile.lock. Run 'pod install' or update your CocoaPods installation.\" >&2\n    exit 1\nfi\n# This output is used by Xcode 'outputs' to avoid re-running this script phase.\necho \"SUCCESS\" > \"${SCRIPT_OUTPUT_FILE_0}\"\n";
			showEnvVarsInLog = 0;
		};
		E0C0BE148D3C045CB86840C6 /* [CP] Embed Pods Frameworks */ = {
			isa = PBXShellScriptBuildPhase;
			buildActionMask = 2147483647;
			files = (
			);
			inputFileListPaths = (
				"${PODS_ROOT}/Target Support Files/Pods-FriendTrip/Pods-FriendTrip-frameworks-${CONFIGURATION}-input-files.xcfilelist",
			);
			name = "[CP] Embed Pods Frameworks";
			outputFileListPaths = (
				"${PODS_ROOT}/Target Support Files/Pods-FriendTrip/Pods-FriendTrip-frameworks-${CONFIGURATION}-output-files.xcfilelist",
			);
			runOnlyForDeploymentPostprocessing = 0;
			shellPath = /bin/sh;
			shellScript = "\"${PODS_ROOT}/Target Support Files/Pods-FriendTrip/Pods-FriendTrip-frameworks.sh\"\n";
			showEnvVarsInLog = 0;
		};
/* End PBXShellScriptBuildPhase section */

/* Begin PBXSourcesBuildPhase section */
		BE5C847021A79DD6001610DC /* Sources */ = {
			isa = PBXSourcesBuildPhase;
			buildActionMask = 2147483647;
			files = (
				EDCC6D3D23244EE20071AEF2 /* CustomTextField.swift in Sources */,
				BECEF1A621B4A9C700319B5F /* LoginViewController.swift in Sources */,
				BE1A13E921B602B80005A0FD /* UserEntity+CoreDataClass copy.swift in Sources */,
				ED825D5722F71D8A002419D6 /* FirebaseUserService.swift in Sources */,
				BE5C849E21AA0593001610DC /* Trip.swift in Sources */,
				BE5C849821A7A286001610DC /* RegisterUserService.swift in Sources */,
				ED470BF322E0038C00FBA331 /* TripDatabase.swift in Sources */,
				BE5C847821A79DD6001610DC /* AppDelegate.swift in Sources */,
				BE1A13EF21B614F10005A0FD /* UserDefaultManager.swift in Sources */,
				ED470BF622E0066500FBA331 /* Dictionary+Codable.swift in Sources */,
				BE5C849521A79F8C001610DC /* RequestResult.swift in Sources */,
				BECEF1AB21B4B89A00319B5F /* User.swift in Sources */,
				BE5C848021A79DD6001610DC /* FriendTrip.xcdatamodeld in Sources */,
				BECEF1A321B49F4800319B5F /* FBLoginService.swift in Sources */,
				BECEF1A921B4B16C00319B5F /* LoginViewModel.swift in Sources */,
				ED4C2D8723209834007488F1 /* NewTripViewController.swift in Sources */,
				ED9003D023064FF7003D5130 /* FirebaseDatabaseService.swift in Sources */,
				BE5C849B21AA04D5001610DC /* TripService.swift in Sources */,
				ED470BEE22DD65A000FBA331 /* HomeViewController.swift in Sources */,
				BE5C849321A79F6D001610DC /* FriendTripAPI.swift in Sources */,
				BE57509321B8AEEE0070A3A8 /* KeychainService.swift in Sources */,
				EDA60A3E231E0D6000654160 /* TripViewModel.swift in Sources */,
				BE1A13EC21B603BC0005A0FD /* PersistenceManager.swift in Sources */,
				EDF76D6D2324A08B0074B070 /* Custom.swift in Sources */,
				BE1A13E821B602B80005A0FD /* UserEntity+CoreDataProperties copy.swift in Sources */,
				BE5C849121A79F5A001610DC /* BaseService.swift in Sources */,
				BE5C848F21A79F4C001610DC /* RequestData.swift in Sources */,
			);
			runOnlyForDeploymentPostprocessing = 0;
		};
		ED825D5822F72287002419D6 /* Sources */ = {
			isa = PBXSourcesBuildPhase;
			buildActionMask = 2147483647;
			files = (
				ED825D6822F723BE002419D6 /* UserServiceTest.swift in Sources */,
				ED825D5F22F72287002419D6 /* FriendTripTests.swift in Sources */,
			);
			runOnlyForDeploymentPostprocessing = 0;
		};
/* End PBXSourcesBuildPhase section */

/* Begin PBXTargetDependency section */
		ED825D6222F72287002419D6 /* PBXTargetDependency */ = {
			isa = PBXTargetDependency;
			target = BE5C847321A79DD6001610DC /* FriendTrip */;
			targetProxy = ED825D6122F72287002419D6 /* PBXContainerItemProxy */;
		};
/* End PBXTargetDependency section */

/* Begin PBXVariantGroup section */
		BE5C847B21A79DD6001610DC /* Main.storyboard */ = {
			isa = PBXVariantGroup;
			children = (
				BE5C847C21A79DD6001610DC /* Base */,
			);
			name = Main.storyboard;
			sourceTree = "<group>";
		};
		BE5C848321A79DD8001610DC /* LaunchScreen.storyboard */ = {
			isa = PBXVariantGroup;
			children = (
				BE5C848421A79DD8001610DC /* Base */,
			);
			name = LaunchScreen.storyboard;
			sourceTree = "<group>";
		};
/* End PBXVariantGroup section */

/* Begin XCBuildConfiguration section */
		BE5C848721A79DD8001610DC /* Debug */ = {
			isa = XCBuildConfiguration;
			buildSettings = {
				ALWAYS_SEARCH_USER_PATHS = NO;
				CLANG_ANALYZER_NONNULL = YES;
				CLANG_ANALYZER_NUMBER_OBJECT_CONVERSION = YES_AGGRESSIVE;
				CLANG_CXX_LANGUAGE_STANDARD = "gnu++14";
				CLANG_CXX_LIBRARY = "libc++";
				CLANG_ENABLE_MODULES = YES;
				CLANG_ENABLE_OBJC_ARC = YES;
				CLANG_ENABLE_OBJC_WEAK = YES;
				CLANG_WARN_BLOCK_CAPTURE_AUTORELEASING = YES;
				CLANG_WARN_BOOL_CONVERSION = YES;
				CLANG_WARN_COMMA = YES;
				CLANG_WARN_CONSTANT_CONVERSION = YES;
				CLANG_WARN_DEPRECATED_OBJC_IMPLEMENTATIONS = YES;
				CLANG_WARN_DIRECT_OBJC_ISA_USAGE = YES_ERROR;
				CLANG_WARN_DOCUMENTATION_COMMENTS = YES;
				CLANG_WARN_EMPTY_BODY = YES;
				CLANG_WARN_ENUM_CONVERSION = YES;
				CLANG_WARN_INFINITE_RECURSION = YES;
				CLANG_WARN_INT_CONVERSION = YES;
				CLANG_WARN_NON_LITERAL_NULL_CONVERSION = YES;
				CLANG_WARN_OBJC_IMPLICIT_RETAIN_SELF = YES;
				CLANG_WARN_OBJC_LITERAL_CONVERSION = YES;
				CLANG_WARN_OBJC_ROOT_CLASS = YES_ERROR;
				CLANG_WARN_RANGE_LOOP_ANALYSIS = YES;
				CLANG_WARN_STRICT_PROTOTYPES = YES;
				CLANG_WARN_SUSPICIOUS_MOVE = YES;
				CLANG_WARN_UNGUARDED_AVAILABILITY = YES_AGGRESSIVE;
				CLANG_WARN_UNREACHABLE_CODE = YES;
				CLANG_WARN__DUPLICATE_METHOD_MATCH = YES;
				CODE_SIGN_IDENTITY = "iPhone Developer";
				COPY_PHASE_STRIP = NO;
				DEBUG_INFORMATION_FORMAT = dwarf;
				ENABLE_STRICT_OBJC_MSGSEND = YES;
				ENABLE_TESTABILITY = YES;
				GCC_C_LANGUAGE_STANDARD = gnu11;
				GCC_DYNAMIC_NO_PIC = NO;
				GCC_NO_COMMON_BLOCKS = YES;
				GCC_OPTIMIZATION_LEVEL = 0;
				GCC_PREPROCESSOR_DEFINITIONS = (
					"DEBUG=1",
					"$(inherited)",
				);
				GCC_WARN_64_TO_32_BIT_CONVERSION = YES;
				GCC_WARN_ABOUT_RETURN_TYPE = YES_ERROR;
				GCC_WARN_UNDECLARED_SELECTOR = YES;
				GCC_WARN_UNINITIALIZED_AUTOS = YES_AGGRESSIVE;
				GCC_WARN_UNUSED_FUNCTION = YES;
				GCC_WARN_UNUSED_VARIABLE = YES;
				IPHONEOS_DEPLOYMENT_TARGET = 12.1;
				MTL_ENABLE_DEBUG_INFO = INCLUDE_SOURCE;
				MTL_FAST_MATH = YES;
				ONLY_ACTIVE_ARCH = YES;
				SDKROOT = iphoneos;
				SWIFT_ACTIVE_COMPILATION_CONDITIONS = DEBUG;
				SWIFT_OPTIMIZATION_LEVEL = "-Onone";
			};
			name = Debug;
		};
		BE5C848821A79DD8001610DC /* Release */ = {
			isa = XCBuildConfiguration;
			buildSettings = {
				ALWAYS_SEARCH_USER_PATHS = NO;
				CLANG_ANALYZER_NONNULL = YES;
				CLANG_ANALYZER_NUMBER_OBJECT_CONVERSION = YES_AGGRESSIVE;
				CLANG_CXX_LANGUAGE_STANDARD = "gnu++14";
				CLANG_CXX_LIBRARY = "libc++";
				CLANG_ENABLE_MODULES = YES;
				CLANG_ENABLE_OBJC_ARC = YES;
				CLANG_ENABLE_OBJC_WEAK = YES;
				CLANG_WARN_BLOCK_CAPTURE_AUTORELEASING = YES;
				CLANG_WARN_BOOL_CONVERSION = YES;
				CLANG_WARN_COMMA = YES;
				CLANG_WARN_CONSTANT_CONVERSION = YES;
				CLANG_WARN_DEPRECATED_OBJC_IMPLEMENTATIONS = YES;
				CLANG_WARN_DIRECT_OBJC_ISA_USAGE = YES_ERROR;
				CLANG_WARN_DOCUMENTATION_COMMENTS = YES;
				CLANG_WARN_EMPTY_BODY = YES;
				CLANG_WARN_ENUM_CONVERSION = YES;
				CLANG_WARN_INFINITE_RECURSION = YES;
				CLANG_WARN_INT_CONVERSION = YES;
				CLANG_WARN_NON_LITERAL_NULL_CONVERSION = YES;
				CLANG_WARN_OBJC_IMPLICIT_RETAIN_SELF = YES;
				CLANG_WARN_OBJC_LITERAL_CONVERSION = YES;
				CLANG_WARN_OBJC_ROOT_CLASS = YES_ERROR;
				CLANG_WARN_RANGE_LOOP_ANALYSIS = YES;
				CLANG_WARN_STRICT_PROTOTYPES = YES;
				CLANG_WARN_SUSPICIOUS_MOVE = YES;
				CLANG_WARN_UNGUARDED_AVAILABILITY = YES_AGGRESSIVE;
				CLANG_WARN_UNREACHABLE_CODE = YES;
				CLANG_WARN__DUPLICATE_METHOD_MATCH = YES;
				CODE_SIGN_IDENTITY = "iPhone Developer";
				COPY_PHASE_STRIP = NO;
				DEBUG_INFORMATION_FORMAT = "dwarf-with-dsym";
				ENABLE_NS_ASSERTIONS = NO;
				ENABLE_STRICT_OBJC_MSGSEND = YES;
				GCC_C_LANGUAGE_STANDARD = gnu11;
				GCC_NO_COMMON_BLOCKS = YES;
				GCC_WARN_64_TO_32_BIT_CONVERSION = YES;
				GCC_WARN_ABOUT_RETURN_TYPE = YES_ERROR;
				GCC_WARN_UNDECLARED_SELECTOR = YES;
				GCC_WARN_UNINITIALIZED_AUTOS = YES_AGGRESSIVE;
				GCC_WARN_UNUSED_FUNCTION = YES;
				GCC_WARN_UNUSED_VARIABLE = YES;
				IPHONEOS_DEPLOYMENT_TARGET = 12.1;
				MTL_ENABLE_DEBUG_INFO = NO;
				MTL_FAST_MATH = YES;
				SDKROOT = iphoneos;
				SWIFT_COMPILATION_MODE = wholemodule;
				SWIFT_OPTIMIZATION_LEVEL = "-O";
				VALIDATE_PRODUCT = YES;
			};
			name = Release;
		};
		BE5C848A21A79DD8001610DC /* Debug */ = {
			isa = XCBuildConfiguration;
			baseConfigurationReference = 9D06AB18EFD51049516C139E /* Pods-FriendTrip.debug.xcconfig */;
			buildSettings = {
				ASSETCATALOG_COMPILER_APPICON_NAME = AppIcon;
				CODE_SIGN_STYLE = Automatic;
				DEVELOPMENT_TEAM = JQ52M4QL3U;
				INFOPLIST_FILE = FriendTrip/Info.plist;
				LD_RUNPATH_SEARCH_PATHS = (
					"$(inherited)",
					"@executable_path/Frameworks",
				);
				PRODUCT_BUNDLE_IDENTIFIER = br.com.lf.FriendTrip;
				PRODUCT_NAME = "$(TARGET_NAME)";
				SWIFT_VERSION = 5.0;
				TARGETED_DEVICE_FAMILY = "1,2";
			};
			name = Debug;
		};
		BE5C848B21A79DD8001610DC /* Release */ = {
			isa = XCBuildConfiguration;
			baseConfigurationReference = C6E3CB57FE8E65FDA3BB29A4 /* Pods-FriendTrip.release.xcconfig */;
			buildSettings = {
				ASSETCATALOG_COMPILER_APPICON_NAME = AppIcon;
				CODE_SIGN_STYLE = Automatic;
				DEVELOPMENT_TEAM = JQ52M4QL3U;
				INFOPLIST_FILE = FriendTrip/Info.plist;
				LD_RUNPATH_SEARCH_PATHS = (
					"$(inherited)",
					"@executable_path/Frameworks",
				);
				PRODUCT_BUNDLE_IDENTIFIER = br.com.lf.FriendTrip;
				PRODUCT_NAME = "$(TARGET_NAME)";
				SWIFT_VERSION = 5.0;
				TARGETED_DEVICE_FAMILY = "1,2";
			};
			name = Release;
		};
		ED825D6422F72287002419D6 /* Debug */ = {
			isa = XCBuildConfiguration;
			baseConfigurationReference = 3E1DAE6FC02E68F063198088 /* Pods-FriendTripTests.debug.xcconfig */;
			buildSettings = {
				BUNDLE_LOADER = "$(TEST_HOST)";
				CODE_SIGN_STYLE = Automatic;
				DEVELOPMENT_TEAM = JQ52M4QL3U;
				INFOPLIST_FILE = FriendTripTests/Info.plist;
				IPHONEOS_DEPLOYMENT_TARGET = 13.0;
				LD_RUNPATH_SEARCH_PATHS = (
					"$(inherited)",
					"@executable_path/Frameworks",
					"@loader_path/Frameworks",
				);
				PRODUCT_BUNDLE_IDENTIFIER = com.lfsantos.FriendTripTests;
				PRODUCT_NAME = "$(TARGET_NAME)";
				SWIFT_VERSION = 5.0;
				TARGETED_DEVICE_FAMILY = "1,2";
				TEST_HOST = "$(BUILT_PRODUCTS_DIR)/FriendTrip.app/FriendTrip";
			};
			name = Debug;
		};
		ED825D6522F72287002419D6 /* Release */ = {
			isa = XCBuildConfiguration;
			baseConfigurationReference = 7451FF9063673953363DAD15 /* Pods-FriendTripTests.release.xcconfig */;
			buildSettings = {
				BUNDLE_LOADER = "$(TEST_HOST)";
				CODE_SIGN_STYLE = Automatic;
				DEVELOPMENT_TEAM = JQ52M4QL3U;
				INFOPLIST_FILE = FriendTripTests/Info.plist;
				IPHONEOS_DEPLOYMENT_TARGET = 13.0;
				LD_RUNPATH_SEARCH_PATHS = (
					"$(inherited)",
					"@executable_path/Frameworks",
					"@loader_path/Frameworks",
				);
				PRODUCT_BUNDLE_IDENTIFIER = com.lfsantos.FriendTripTests;
				PRODUCT_NAME = "$(TARGET_NAME)";
				SWIFT_VERSION = 5.0;
				TARGETED_DEVICE_FAMILY = "1,2";
				TEST_HOST = "$(BUILT_PRODUCTS_DIR)/FriendTrip.app/FriendTrip";
			};
			name = Release;
		};
/* End XCBuildConfiguration section */

/* Begin XCConfigurationList section */
		BE5C846F21A79DD6001610DC /* Build configuration list for PBXProject "FriendTrip" */ = {
			isa = XCConfigurationList;
			buildConfigurations = (
				BE5C848721A79DD8001610DC /* Debug */,
				BE5C848821A79DD8001610DC /* Release */,
			);
			defaultConfigurationIsVisible = 0;
			defaultConfigurationName = Release;
		};
		BE5C848921A79DD8001610DC /* Build configuration list for PBXNativeTarget "FriendTrip" */ = {
			isa = XCConfigurationList;
			buildConfigurations = (
				BE5C848A21A79DD8001610DC /* Debug */,
				BE5C848B21A79DD8001610DC /* Release */,
			);
			defaultConfigurationIsVisible = 0;
			defaultConfigurationName = Release;
		};
		ED825D6322F72287002419D6 /* Build configuration list for PBXNativeTarget "FriendTripTests" */ = {
			isa = XCConfigurationList;
			buildConfigurations = (
				ED825D6422F72287002419D6 /* Debug */,
				ED825D6522F72287002419D6 /* Release */,
			);
			defaultConfigurationIsVisible = 0;
			defaultConfigurationName = Release;
		};
/* End XCConfigurationList section */

/* Begin XCVersionGroup section */
		BE5C847E21A79DD6001610DC /* FriendTrip.xcdatamodeld */ = {
			isa = XCVersionGroup;
			children = (
				BE5C847F21A79DD6001610DC /* FriendTrip.xcdatamodel */,
			);
			currentVersion = BE5C847F21A79DD6001610DC /* FriendTrip.xcdatamodel */;
			path = FriendTrip.xcdatamodeld;
			sourceTree = "<group>";
			versionGroupType = wrapper.xcdatamodel;
		};
/* End XCVersionGroup section */
	};
	rootObject = BE5C846C21A79DD6001610DC /* Project object */;
}
